// !$*UTF8*$!
{
	archiveVersion = 1;
	classes = {
	};
	objectVersion = 50;
	objects = {

/* Begin PBXBuildFile section */
		4E5AC4F1245CBD5800C517AB /* AppDelegate.swift in Sources */ = {isa = PBXBuildFile; fileRef = 4E5AC4F0245CBD5800C517AB /* AppDelegate.swift */; };
		4E5AC4F3245CBD5800C517AB /* SceneDelegate.swift in Sources */ = {isa = PBXBuildFile; fileRef = 4E5AC4F2245CBD5800C517AB /* SceneDelegate.swift */; };
		4E5AC4FA245CBD5B00C517AB /* Assets.xcassets in Resources */ = {isa = PBXBuildFile; fileRef = 4E5AC4F9245CBD5B00C517AB /* Assets.xcassets */; };
		4E5AC4FD245CBD5B00C517AB /* LaunchScreen.storyboard in Resources */ = {isa = PBXBuildFile; fileRef = 4E5AC4FB245CBD5B00C517AB /* LaunchScreen.storyboard */; };
		4E5AC507245CBE0000C517AB /* ItemsTableViewController.swift in Sources */ = {isa = PBXBuildFile; fileRef = 4E5AC506245CBE0000C517AB /* ItemsTableViewController.swift */; };
		4E5AC50B245CC10E00C517AB /* AddTableViewController.swift in Sources */ = {isa = PBXBuildFile; fileRef = 4E5AC50A245CC10E00C517AB /* AddTableViewController.swift */; };
		4E5AC50D245CC31400C517AB /* AddTableViewCell.swift in Sources */ = {isa = PBXBuildFile; fileRef = 4E5AC50C245CC31400C517AB /* AddTableViewCell.swift */; };
		4E5AC50F245CC5BC00C517AB /* ItemTableViewCell.swift in Sources */ = {isa = PBXBuildFile; fileRef = 4E5AC50E245CC5BC00C517AB /* ItemTableViewCell.swift */; };
/* End PBXBuildFile section */

/* Begin PBXFileReference section */
		4E5AC4ED245CBD5800C517AB /* TableViewDemoCode.app */ = {isa = PBXFileReference; explicitFileType = wrapper.application; includeInIndex = 0; path = TableViewDemoCode.app; sourceTree = BUILT_PRODUCTS_DIR; };
		4E5AC4F0245CBD5800C517AB /* AppDelegate.swift */ = {isa = PBXFileReference; lastKnownFileType = sourcecode.swift; path = AppDelegate.swift; sourceTree = "<group>"; };
		4E5AC4F2245CBD5800C517AB /* SceneDelegate.swift */ = {isa = PBXFileReference; lastKnownFileType = sourcecode.swift; path = SceneDelegate.swift; sourceTree = "<group>"; };
		4E5AC4F9245CBD5B00C517AB /* Assets.xcassets */ = {isa = PBXFileReference; lastKnownFileType = folder.assetcatalog; path = Assets.xcassets; sourceTree = "<group>"; };
		4E5AC4FC245CBD5B00C517AB /* Base */ = {isa = PBXFileReference; lastKnownFileType = file.storyboard; name = Base; path = Base.lproj/LaunchScreen.storyboard; sourceTree = "<group>"; };
		4E5AC4FE245CBD5B00C517AB /* Info.plist */ = {isa = PBXFileReference; lastKnownFileType = text.plist.xml; path = Info.plist; sourceTree = "<group>"; };
		4E5AC506245CBE0000C517AB /* ItemsTableViewController.swift */ = {isa = PBXFileReference; lastKnownFileType = sourcecode.swift; path = ItemsTableViewController.swift; sourceTree = "<group>"; };
		4E5AC50A245CC10E00C517AB /* AddTableViewController.swift */ = {isa = PBXFileReference; lastKnownFileType = sourcecode.swift; path = AddTableViewController.swift; sourceTree = "<group>"; };
		4E5AC50C245CC31400C517AB /* AddTableViewCell.swift */ = {isa = PBXFileReference; lastKnownFileType = sourcecode.swift; path = AddTableViewCell.swift; sourceTree = "<group>"; };
		4E5AC50E245CC5BC00C517AB /* ItemTableViewCell.swift */ = {isa = PBXFileReference; lastKnownFileType = sourcecode.swift; path = ItemTableViewCell.swift; sourceTree = "<group>"; };
/* End PBXFileReference section */

/* Begin PBXFrameworksBuildPhase section */
		4E5AC4EA245CBD5800C517AB /* Frameworks */ = {
			isa = PBXFrameworksBuildPhase;
			buildActionMask = 2147483647;
			files = (
			);
			runOnlyForDeploymentPostprocessing = 0;
		};
/* End PBXFrameworksBuildPhase section */

/* Begin PBXGroup section */
		4E5AC4E4245CBD5800C517AB = {
			isa = PBXGroup;
			children = (
				4E5AC4EF245CBD5800C517AB /* TableViewDemoCode */,
				4E5AC4EE245CBD5800C517AB /* Products */,
			);
			sourceTree = "<group>";
		};
		4E5AC4EE245CBD5800C517AB /* Products */ = {
			isa = PBXGroup;
			children = (
				4E5AC4ED245CBD5800C517AB /* TableViewDemoCode.app */,
			);
			name = Products;
			sourceTree = "<group>";
		};
		4E5AC4EF245CBD5800C517AB /* TableViewDemoCode */ = {
			isa = PBXGroup;
			children = (
				4E5AC505245CBDC100C517AB /* Supporting Files */,
				4E5AC506245CBE0000C517AB /* ItemsTableViewController.swift */,
				4E5AC50E245CC5BC00C517AB /* ItemTableViewCell.swift */,
				4E5AC50A245CC10E00C517AB /* AddTableViewController.swift */,
				4E5AC50C245CC31400C517AB /* AddTableViewCell.swift */,
				4E5AC4FE245CBD5B00C517AB /* Info.plist */,
			);
			path = TableViewDemoCode;
			sourceTree = "<group>";
		};
		4E5AC505245CBDC100C517AB /* Supporting Files */ = {
			isa = PBXGroup;
			children = (
				4E5AC4F0245CBD5800C517AB /* AppDelegate.swift */,
				4E5AC4F2245CBD5800C517AB /* SceneDelegate.swift */,
				4E5AC4F9245CBD5B00C517AB /* Assets.xcassets */,
				4E5AC4FB245CBD5B00C517AB /* LaunchScreen.storyboard */,
			);
			name = "Supporting Files";
			sourceTree = "<group>";
		};
/* End PBXGroup section */

/* Begin PBXNativeTarget section */
		4E5AC4EC245CBD5800C517AB /* TableViewDemoCode */ = {
			isa = PBXNativeTarget;
			buildConfigurationList = 4E5AC501245CBD5B00C517AB /* Build configuration list for PBXNativeTarget "TableViewDemoCode" */;
			buildPhases = (
				4E5AC4E9245CBD5800C517AB /* Sources */,
				4E5AC4EA245CBD5800C517AB /* Frameworks */,
				4E5AC4EB245CBD5800C517AB /* Resources */,
			);
			buildRules = (
			);
			dependencies = (
			);
			name = TableViewDemoCode;
			productName = TableViewDemoCode;
			productReference = 4E5AC4ED245CBD5800C517AB /* TableViewDemoCode.app */;
			productType = "com.apple.product-type.application";
		};
/* End PBXNativeTarget section */

/* Begin PBXProject section */
		4E5AC4E5245CBD5800C517AB /* Project object */ = {
			isa = PBXProject;
			attributes = {
				LastSwiftUpdateCheck = 1140;
				LastUpgradeCheck = 1140;
				ORGANIZATIONNAME = "Derrick Park";
				TargetAttributes = {
					4E5AC4EC245CBD5800C517AB = {
						CreatedOnToolsVersion = 11.4.1;
					};
				};
			};
			buildConfigurationList = 4E5AC4E8245CBD5800C517AB /* Build configuration list for PBXProject "TableViewDemoCode" */;
			compatibilityVersion = "Xcode 9.3";
			developmentRegion = en;
			hasScannedForEncodings = 0;
			knownRegions = (
				en,
				Base,
			);
			mainGroup = 4E5AC4E4245CBD5800C517AB;
			productRefGroup = 4E5AC4EE245CBD5800C517AB /* Products */;
			projectDirPath = "";
			projectRoot = "";
			targets = (
				4E5AC4EC245CBD5800C517AB /* TableViewDemoCode */,
			);
		};
/* End PBXProject section */

/* Begin PBXResourcesBuildPhase section */
		4E5AC4EB245CBD5800C517AB /* Resources */ = {
			isa = PBXResourcesBuildPhase;
			buildActionMask = 2147483647;
			files = (
				4E5AC4FD245CBD5B00C517AB /* LaunchScreen.storyboard in Resources */,
				4E5AC4FA245CBD5B00C517AB /* Assets.xcassets in Resources */,
			);
			runOnlyForDeploymentPostprocessing = 0;
		};
/* End PBXResourcesBuildPhase section */

/* Begin PBXSourcesBuildPhase section */
		4E5AC4E9245CBD5800C517AB /* Sources */ = {
			isa = PBXSourcesBuildPhase;
			buildActionMask = 2147483647;
			files = (
				4E5AC507245CBE0000C517AB /* ItemsTableViewController.swift in Sources */,
				4E5AC4F1245CBD5800C517AB /* AppDelegate.swift in Sources */,
				4E5AC4F3245CBD5800C517AB /* SceneDelegate.swift in Sources */,
				4E5AC50D245CC31400C517AB /* AddTableViewCell.swift in Sources */,
				4E5AC50F245CC5BC00C517AB /* ItemTableViewCell.swift in Sources */,
				4E5AC50B245CC10E00C517AB /* AddTableViewController.swift in Sources */,
			);
			runOnlyForDeploymentPostprocessing = 0;
		};
/* End PBXSourcesBuildPhase section */

/* Begin PBXVariantGroup section */
		4E5AC4FB245CBD5B00C517AB /* LaunchScreen.storyboard */ = {
			isa = PBXVariantGroup;
			children = (
				4E5AC4FC245CBD5B00C517AB /* Base */,
			);
			name = LaunchScreen.storyboard;
			sourceTree = "<group>";
		};
/* End PBXVariantGroup section */

/* Begin XCBuildConfiguration section */
		4E5AC4FF245CBD5B00C517AB /* Debug */ = {
			isa = XCBuildConfiguration;
			buildSettings = {
				ALWAYS_SEARCH_USER_PATHS = NO;
				CLANG_ANALYZER_NONNULL = YES;
				CLANG_ANALYZER_NUMBER_OBJECT_CONVERSION = YES_AGGRESSIVE;
				CLANG_CXX_LANGUAGE_STANDARD = "gnu++14";
				CLANG_CXX_LIBRARY = "libc++";
				CLANG_ENABLE_MODULES = YES;
				CLANG_ENABLE_OBJC_ARC = YES;
				CLANG_ENABLE_OBJC_WEAK = YES;
				CLANG_WARN_BLOCK_CAPTURE_AUTORELEASING = YES;
				CLANG_WARN_BOOL_CONVERSION = YES;
				CLANG_WARN_COMMA = YES;
				CLANG_WARN_CONSTANT_CONVERSION = YES;
				CLANG_WARN_DEPRECATED_OBJC_IMPLEMENTATIONS = YES;
				CLANG_WARN_DIRECT_OBJC_ISA_USAGE = YES_ERROR;
				CLANG_WARN_DOCUMENTATION_COMMENTS = YES;
				CLANG_WARN_EMPTY_BODY = YES;
				CLANG_WARN_ENUM_CONVERSION = YES;
				CLANG_WARN_INFINITE_RECURSION = YES;
				CLANG_WARN_INT_CONVERSION = YES;
				CLANG_WARN_NON_LITERAL_NULL_CONVERSION = YES;
				CLANG_WARN_OBJC_IMPLICIT_RETAIN_SELF = YES;
				CLANG_WARN_OBJC_LITERAL_CONVERSION = YES;
				CLANG_WARN_OBJC_ROOT_CLASS = YES_ERROR;
				CLANG_WARN_RANGE_LOOP_ANALYSIS = YES;
				CLANG_WARN_STRICT_PROTOTYPES = YES;
				CLANG_WARN_SUSPICIOUS_MOVE = YES;
				CLANG_WARN_UNGUARDED_AVAILABILITY = YES_AGGRESSIVE;
				CLANG_WARN_UNREACHABLE_CODE = YES;
				CLANG_WARN__DUPLICATE_METHOD_MATCH = YES;
				COPY_PHASE_STRIP = NO;
				DEBUG_INFORMATION_FORMAT = dwarf;
				ENABLE_STRICT_OBJC_MSGSEND = YES;
				ENABLE_TESTABILITY = YES;
				GCC_C_LANGUAGE_STANDARD = gnu11;
				GCC_DYNAMIC_NO_PIC = NO;
				GCC_NO_COMMON_BLOCKS = YES;
				GCC_OPTIMIZATION_LEVEL = 0;
				GCC_PREPROCESSOR_DEFINITIONS = (
					"DEBUG=1",
					"$(inherited)",
				);
				GCC_WARN_64_TO_32_BIT_CONVERSION = YES;
				GCC_WARN_ABOUT_RETURN_TYPE = YES_ERROR;
				GCC_WARN_UNDECLARED_SELECTOR = YES;
				GCC_WARN_UNINITIALIZED_AUTOS = YES_AGGRESSIVE;
				GCC_WARN_UNUSED_FUNCTION = YES;
				GCC_WARN_UNUSED_VARIABLE = YES;
				IPHONEOS_DEPLOYMENT_TARGET = 13.4;
				MTL_ENABLE_DEBUG_INFO = INCLUDE_SOURCE;
				MTL_FAST_MATH = YES;
				ONLY_ACTIVE_ARCH = YES;
				SDKROOT = iphoneos;
				SWIFT_ACTIVE_COMPILATION_CONDITIONS = DEBUG;
				SWIFT_OPTIMIZATION_LEVEL = "-Onone";
			};
			name = Debug;
		};
		4E5AC500245CBD5B00C517AB /* Release */ = {
			isa = XCBuildConfiguration;
			buildSettings = {
				ALWAYS_SEARCH_USER_PATHS = NO;
				CLANG_ANALYZER_NONNULL = YES;
				CLANG_ANALYZER_NUMBER_OBJECT_CONVERSION = YES_AGGRESSIVE;
				CLANG_CXX_LANGUAGE_STANDARD = "gnu++14";
				CLANG_CXX_LIBRARY = "libc++";
				CLANG_ENABLE_MODULES = YES;
				CLANG_ENABLE_OBJC_ARC = YES;
				CLANG_ENABLE_OBJC_WEAK = YES;
				CLANG_WARN_BLOCK_CAPTURE_AUTORELEASING = YES;
				CLANG_WARN_BOOL_CONVERSION = YES;
				CLANG_WARN_COMMA = YES;
				CLANG_WARN_CONSTANT_CONVERSION = YES;
				CLANG_WARN_DEPRECATED_OBJC_IMPLEMENTATIONS = YES;
				CLANG_WARN_DIRECT_OBJC_ISA_USAGE = YES_ERROR;
				CLANG_WARN_DOCUMENTATION_COMMENTS = YES;
				CLANG_WARN_EMPTY_BODY = YES;
				CLANG_WARN_ENUM_CONVERSION = YES;
				CLANG_WARN_INFINITE_RECURSION = YES;
				CLANG_WARN_INT_CONVERSION = YES;
				CLANG_WARN_NON_LITERAL_NULL_CONVERSION = YES;
				CLANG_WARN_OBJC_IMPLICIT_RETAIN_SELF = YES;
				CLANG_WARN_OBJC_LITERAL_CONVERSION = YES;
				CLANG_WARN_OBJC_ROOT_CLASS = YES_ERROR;
				CLANG_WARN_RANGE_LOOP_ANALYSIS = YES;
				CLANG_WARN_STRICT_PROTOTYPES = YES;
				CLANG_WARN_SUSPICIOUS_MOVE = YES;
				CLANG_WARN_UNGUARDED_AVAILABILITY = YES_AGGRESSIVE;
				CLANG_WARN_UNREACHABLE_CODE = YES;
				CLANG_WARN__DUPLICATE_METHOD_MATCH = YES;
				COPY_PHASE_STRIP = NO;
				DEBUG_INFORMATION_FORMAT = "dwarf-with-dsym";
				ENABLE_NS_ASSERTIONS = NO;
				ENABLE_STRICT_OBJC_MSGSEND = YES;
				GCC_C_LANGUAGE_STANDARD = gnu11;
				GCC_NO_COMMON_BLOCKS = YES;
				GCC_WARN_64_TO_32_BIT_CONVERSION = YES;
				GCC_WARN_ABOUT_RETURN_TYPE = YES_ERROR;
				GCC_WARN_UNDECLARED_SELECTOR = YES;
				GCC_WARN_UNINITIALIZED_AUTOS = YES_AGGRESSIVE;
				GCC_WARN_UNUSED_FUNCTION = YES;
				GCC_WARN_UNUSED_VARIABLE = YES;
				IPHONEOS_DEPLOYMENT_TARGET = 13.4;
				MTL_ENABLE_DEBUG_INFO = NO;
				MTL_FAST_MATH = YES;
				SDKROOT = iphoneos;
				SWIFT_COMPILATION_MODE = wholemodule;
				SWIFT_OPTIMIZATION_LEVEL = "-O";
				VALIDATE_PRODUCT = YES;
			};
			name = Release;
		};
		4E5AC502245CBD5B00C517AB /* Debug */ = {
			isa = XCBuildConfiguration;
			buildSettings = {
				ASSETCATALOG_COMPILER_APPICON_NAME = AppIcon;
				CODE_SIGN_STYLE = Automatic;
				DEVELOPMENT_TEAM = 25222AKG24;
				INFOPLIST_FILE = TableViewDemoCode/Info.plist;
				LD_RUNPATH_SEARCH_PATHS = (
					"$(inherited)",
					"@executable_path/Frameworks",
				);
				PRODUCT_BUNDLE_IDENTIFIER = com.dpapp.TableViewDemoCode;
				PRODUCT_NAME = "$(TARGET_NAME)";
				SWIFT_VERSION = 5.0;
				TARGETED_DEVICE_FAMILY = "1,2";
			};
			name = Debug;
		};
		4E5AC503245CBD5B00C517AB /* Release */ = {
			isa = XCBuildConfiguration;
			buildSettings = {
				ASSETCATALOG_COMPILER_APPICON_NAME = AppIcon;
				CODE_SIGN_STYLE = Automatic;
				DEVELOPMENT_TEAM = 25222AKG24;
				INFOPLIST_FILE = TableViewDemoCode/Info.plist;
				LD_RUNPATH_SEARCH_PATHS = (
					"$(inherited)",
					"@executable_path/Frameworks",
				);
				PRODUCT_BUNDLE_IDENTIFIER = com.dpapp.TableViewDemoCode;
				PRODUCT_NAME = "$(TARGET_NAME)";
				SWIFT_VERSION = 5.0;
				TARGETED_DEVICE_FAMILY = "1,2";
			};
			name = Release;
		};
/* End XCBuildConfiguration section */

/* Begin XCConfigurationList section */
		4E5AC4E8245CBD5800C517AB /* Build configuration list for PBXProject "TableViewDemoCode" */ = {
			isa = XCConfigurationList;
			buildConfigurations = (
				4E5AC4FF245CBD5B00C517AB /* Debug */,
				4E5AC500245CBD5B00C517AB /* Release */,
			);
			defaultConfigurationIsVisible = 0;
			defaultConfigurationName = Release;
		};
		4E5AC501245CBD5B00C517AB /* Build configuration list for PBXNativeTarget "TableViewDemoCode" */ = {
			isa = XCConfigurationList;
			buildConfigurations = (
				4E5AC502245CBD5B00C517AB /* Debug */,
				4E5AC503245CBD5B00C517AB /* Release */,
			);
			defaultConfigurationIsVisible = 0;
			defaultConfigurationName = Release;
		};
/* End XCConfigurationList section */
	};
	rootObject = 4E5AC4E5245CBD5800C517AB /* Project object */;
}
